
Microsoft Visual Studio Solution File, Format Version 12.00
# Visual Studio Version 17
VisualStudioVersion = 17.3.32922.545
MinimumVisualStudioVersion = 10.0.40219.1
Project("{FAE04EC0-301F-11D3-BF4B-00C04F79EFBC}") = "Test2_Mounika_2Interfaces_1Class", "Test2_Mounika_2Interfaces_1Class\Test2_Mounika_2Interfaces_1Class.csproj", "{4FA02503-F378-43E7-B25C-8BD3E71BDCEA}"
EndProject
Global
	GlobalSection(SolutionConfigurationPlatforms) = preSolution
		Debug|Any CPU = Debug|Any CPU
		Release|Any CPU = Release|Any CPU
	EndGlobalSection
	GlobalSection(ProjectConfigurationPlatforms) = postSolution
		{4FA02503-F378-43E7-B25C-8BD3E71BDCEA}.Debug|Any CPU.ActiveCfg = Debug|Any CPU
		{4FA02503-F378-43E7-B25C-8BD3E71BDCEA}.Debug|Any CPU.Build.0 = Debug|Any CPU
		{4FA02503-F378-43E7-B25C-8BD3E71BDCEA}.Release|Any CPU.ActiveCfg = Release|Any CPU
		{4FA02503-F378-43E7-B25C-8BD3E71BDCEA}.Release|Any CPU.Build.0 = Release|Any CPU
	EndGlobalSection
	GlobalSection(SolutionProperties) = preSolution
		HideSolutionNode = FALSE
	EndGlobalSection
	GlobalSection(ExtensibilityGlobals) = postSolution
		SolutionGuid = {ABE33FAD-B34A-42C8-A3D8-8C6F8B05DBF5}
	EndGlobalSection
EndGlobal
